
Microsoft Visual Studio Solution File, Format Version 12.00
# Visual Studio 15
VisualStudioVersion = 15.0.28307.421
MinimumVisualStudioVersion = 10.0.40219.1
Project("{FAE04EC0-301F-11D3-BF4B-00C04F79EFBC}") = "AspExercice1", "AspExercice1\AspExercice1.csproj", "{1E5BA4B4-458C-44C2-B49B-9C9846916598}"
EndProject
Global
	GlobalSection(SolutionConfigurationPlatforms) = preSolution
		Debug|Any CPU = Debug|Any CPU
		Release|Any CPU = Release|Any CPU
	EndGlobalSection
	GlobalSection(ProjectConfigurationPlatforms) = postSolution
		{1E5BA4B4-458C-44C2-B49B-9C9846916598}.Debug|Any CPU.ActiveCfg = Debug|Any CPU
		{1E5BA4B4-458C-44C2-B49B-9C9846916598}.Debug|Any CPU.Build.0 = Debug|Any CPU
		{1E5BA4B4-458C-44C2-B49B-9C9846916598}.Release|Any CPU.ActiveCfg = Release|Any CPU
		{1E5BA4B4-458C-44C2-B49B-9C9846916598}.Release|Any CPU.Build.0 = Release|Any CPU
	EndGlobalSection
	GlobalSection(SolutionProperties) = preSolution
		HideSolutionNode = FALSE
	EndGlobalSection
	GlobalSection(ExtensibilityGlobals) = postSolution
		SolutionGuid = {8D13CBD9-8D6E-4CDB-A33B-F36962A3E1C1}
	EndGlobalSection
EndGlobal
